
Microsoft Visual Studio Solution File, Format Version 12.00
# Visual Studio Version 17
VisualStudioVersion = 17.7.34018.315
MinimumVisualStudioVersion = 10.0.40219.1
Project("{9A19103F-16F7-4668-BE54-9A1E7A4F7556}") = "WPF_Projects", "WPF_Projects\WPF_Projects.csproj", "{0459A418-D452-4A01-A2D0-1916A692AED9}"
EndProject
Project("{9A19103F-16F7-4668-BE54-9A1E7A4F7556}") = "智能垃圾分类系统", "智能垃圾分类系统\智能垃圾分类系统.csproj", "{E9CF6E3A-E299-4CAB-8A27-D8F9400569A5}"
EndProject
Global
	GlobalSection(SolutionConfigurationPlatforms) = preSolution
		Debug|Any CPU = Debug|Any CPU
		Release|Any CPU = Release|Any CPU
	EndGlobalSection
	GlobalSection(ProjectConfigurationPlatforms) = postSolution
		{0459A418-D452-4A01-A2D0-1916A692AED9}.Debug|Any CPU.ActiveCfg = Debug|Any CPU
		{0459A418-D452-4A01-A2D0-1916A692AED9}.Debug|Any CPU.Build.0 = Debug|Any CPU
		{0459A418-D452-4A01-A2D0-1916A692AED9}.Release|Any CPU.ActiveCfg = Release|Any CPU
		{0459A418-D452-4A01-A2D0-1916A692AED9}.Release|Any CPU.Build.0 = Release|Any CPU
		{E9CF6E3A-E299-4CAB-8A27-D8F9400569A5}.Debug|Any CPU.ActiveCfg = Debug|Any CPU
		{E9CF6E3A-E299-4CAB-8A27-D8F9400569A5}.Debug|Any CPU.Build.0 = Debug|Any CPU
		{E9CF6E3A-E299-4CAB-8A27-D8F9400569A5}.Release|Any CPU.ActiveCfg = Release|Any CPU
		{E9CF6E3A-E299-4CAB-8A27-D8F9400569A5}.Release|Any CPU.Build.0 = Release|Any CPU
	EndGlobalSection
	GlobalSection(SolutionProperties) = preSolution
		HideSolutionNode = FALSE
	EndGlobalSection
	GlobalSection(ExtensibilityGlobals) = postSolution
		SolutionGuid = {7C418168-F98C-46BF-88EC-9F693974EA99}
	EndGlobalSection
EndGlobal
